
Microsoft Visual Studio Solution File, Format Version 12.00
# Visual Studio Version 16
VisualStudioVersion = 16.0.32901.82
MinimumVisualStudioVersion = 10.0.40219.1
Project("{FAE04EC0-301F-11D3-BF4B-00C04F79EFBC}") = "Pro", "Pro\Pro.csproj", "{4DB6A819-1541-4615-9E2D-A5E8D53B2DCE}"
EndProject
Global
	GlobalSection(SolutionConfigurationPlatforms) = preSolution
		Debug|Any CPU = Debug|Any CPU
		Release|Any CPU = Release|Any CPU
	EndGlobalSection
	GlobalSection(ProjectConfigurationPlatforms) = postSolution
		{4DB6A819-1541-4615-9E2D-A5E8D53B2DCE}.Debug|Any CPU.ActiveCfg = Debug|Any CPU
		{4DB6A819-1541-4615-9E2D-A5E8D53B2DCE}.Debug|Any CPU.Build.0 = Debug|Any CPU
		{4DB6A819-1541-4615-9E2D-A5E8D53B2DCE}.Release|Any CPU.ActiveCfg = Release|Any CPU
		{4DB6A819-1541-4615-9E2D-A5E8D53B2DCE}.Release|Any CPU.Build.0 = Release|Any CPU
	EndGlobalSection
	GlobalSection(SolutionProperties) = preSolution
		HideSolutionNode = FALSE
	EndGlobalSection
	GlobalSection(ExtensibilityGlobals) = postSolution
		SolutionGuid = {4EBC6271-CB19-4FAB-A45B-DBE1B90A98BD}
	EndGlobalSection
EndGlobal
